
Microsoft Visual Studio Solution File, Format Version 12.00
# Visual Studio Version 17
VisualStudioVersion = 17.11.35312.102
MinimumVisualStudioVersion = 10.0.40219.1
Project("{FAE04EC0-301F-11D3-BF4B-00C04F79EFBC}") = "Taboo", "Taboo\Taboo.csproj", "{1BD2D557-AF0E-4CE0-A61B-C9C7B5AE91C5}"
EndProject
Global
	GlobalSection(SolutionConfigurationPlatforms) = preSolution
		Debug|Any CPU = Debug|Any CPU
		Release|Any CPU = Release|Any CPU
	EndGlobalSection
	GlobalSection(ProjectConfigurationPlatforms) = postSolution
		{1BD2D557-AF0E-4CE0-A61B-C9C7B5AE91C5}.Debug|Any CPU.ActiveCfg = Debug|Any CPU
		{1BD2D557-AF0E-4CE0-A61B-C9C7B5AE91C5}.Debug|Any CPU.Build.0 = Debug|Any CPU
		{1BD2D557-AF0E-4CE0-A61B-C9C7B5AE91C5}.Release|Any CPU.ActiveCfg = Release|Any CPU
		{1BD2D557-AF0E-4CE0-A61B-C9C7B5AE91C5}.Release|Any CPU.Build.0 = Release|Any CPU
	EndGlobalSection
	GlobalSection(SolutionProperties) = preSolution
		HideSolutionNode = FALSE
	EndGlobalSection
	GlobalSection(ExtensibilityGlobals) = postSolution
		SolutionGuid = {65CC57B5-C073-4262-808E-C1F9C5588BE9}
	EndGlobalSection
EndGlobal
